
Microsoft Visual Studio Solution File, Format Version 12.00
# Visual Studio 15
Project("{FAE04EC0-301F-11D3-BF4B-00C04F79EFBC}") = "Test_API", "Test_API\Test_API.csproj", "{CB5A4CFF-1DF2-4D3B-BCE9-3747357AD661}"
EndProject
Global
	GlobalSection(SolutionConfigurationPlatforms) = preSolution
		Debug|Any CPU = Debug|Any CPU
		Release|Any CPU = Release|Any CPU
	EndGlobalSection
	GlobalSection(ProjectConfigurationPlatforms) = postSolution
		{CB5A4CFF-1DF2-4D3B-BCE9-3747357AD661}.Debug|Any CPU.ActiveCfg = Debug|Any CPU
		{CB5A4CFF-1DF2-4D3B-BCE9-3747357AD661}.Debug|Any CPU.Build.0 = Debug|Any CPU
		{CB5A4CFF-1DF2-4D3B-BCE9-3747357AD661}.Release|Any CPU.ActiveCfg = Release|Any CPU
		{CB5A4CFF-1DF2-4D3B-BCE9-3747357AD661}.Release|Any CPU.Build.0 = Release|Any CPU
	EndGlobalSection
EndGlobal
